{
  "agent": "agent-1",
  "phase": "P0",
  "task": "Project scaffold, dependencies, Tailwind config with Obsidian Glass tokens, utils, fonts",
  "status": "in_progress",
  "startedAt": "2026-03-23T00:00:00Z",
  "files": [],
  "message": "Starting P0 - Project scaffold and Obsidian Glass design system setup"
}
